// !$*UTF8*$!
{
	archiveVersion = 1;
	classes = {
	};
	objectVersion = 46;
	objects = {

/* Begin PBXBuildFile section */
		0AF348A31CCA19C9008625DA /* main.m in Sources */ = {isa = PBXBuildFile; fileRef = 0AF348A21CCA19C9008625DA /* main.m */; };
		0AF348A61CCA19C9008625DA /* AppDelegate.m in Sources */ = {isa = PBXBuildFile; fileRef = 0AF348A51CCA19C9008625DA /* AppDelegate.m */; };
		0AF348A91CCA19C9008625DA /* ViewController.m in Sources */ = {isa = PBXBuildFile; fileRef = 0AF348A81CCA19C9008625DA /* ViewController.m */; };
		0AF348AC1CCA19C9008625DA /* Main.storyboard in Resources */ = {isa = PBXBuildFile; fileRef = 0AF348AA1CCA19C9008625DA /* Main.storyboard */; };
		0AF348AE1CCA19C9008625DA /* Assets.xcassets in Resources */ = {isa = PBXBuildFile; fileRef = 0AF348AD1CCA19C9008625DA /* Assets.xcassets */; };
		0AF348B11CCA19C9008625DA /* LaunchScreen.storyboard in Resources */ = {isa = PBXBuildFile; fileRef = 0AF348AF1CCA19C9008625DA /* LaunchScreen.storyboard */; };
		0AF348BC1CCA19C9008625DA /* TestAutoCellUITests.m in Sources */ = {isa = PBXBuildFile; fileRef = 0AF348BB1CCA19C9008625DA /* TestAutoCellUITests.m */; };
/* End PBXBuildFile section */

/* Begin PBXContainerItemProxy section */
		0AF348B81CCA19C9008625DA /* PBXContainerItemProxy */ = {
			isa = PBXContainerItemProxy;
			containerPortal = 0AF348961CCA19C9008625DA /* Project object */;
			proxyType = 1;
			remoteGlobalIDString = 0AF3489D1CCA19C9008625DA;
			remoteInfo = TestAutoCell;
		};
/* End PBXContainerItemProxy section */

/* Begin PBXFileReference section */
		0AF3489E1CCA19C9008625DA /* TestAutoCell.app */ = {isa = PBXFileReference; explicitFileType = wrapper.application; includeInIndex = 0; path = TestAutoCell.app; sourceTree = BUILT_PRODUCTS_DIR; };
		0AF348A21CCA19C9008625DA /* main.m */ = {isa = PBXFileReference; lastKnownFileType = sourcecode.c.objc; path = main.m; sourceTree = "<group>"; };
		0AF348A41CCA19C9008625DA /* AppDelegate.h */ = {isa = PBXFileReference; lastKnownFileType = sourcecode.c.h; path = AppDelegate.h; sourceTree = "<group>"; };
		0AF348A51CCA19C9008625DA /* AppDelegate.m */ = {isa = PBXFileReference; lastKnownFileType = sourcecode.c.objc; path = AppDelegate.m; sourceTree = "<group>"; };
		0AF348A71CCA19C9008625DA /* ViewController.h */ = {isa = PBXFileReference; lastKnownFileType = sourcecode.c.h; path = ViewController.h; sourceTree = "<group>"; };
		0AF348A81CCA19C9008625DA /* ViewController.m */ = {isa = PBXFileReference; lastKnownFileType = sourcecode.c.objc; path = ViewController.m; sourceTree = "<group>"; };
		0AF348AB1CCA19C9008625DA /* Base */ = {isa = PBXFileReference; lastKnownFileType = file.storyboard; name = Base; path = Base.lproj/Main.storyboard; sourceTree = "<group>"; };
		0AF348AD1CCA19C9008625DA /* Assets.xcassets */ = {isa = PBXFileReference; lastKnownFileType = folder.assetcatalog; path = Assets.xcassets; sourceTree = "<group>"; };
		0AF348B01CCA19C9008625DA /* Base */ = {isa = PBXFileReference; lastKnownFileType = file.storyboard; name = Base; path = Base.lproj/LaunchScreen.storyboard; sourceTree = "<group>"; };
		0AF348B21CCA19C9008625DA /* Info.plist */ = {isa = PBXFileReference; lastKnownFileType = text.plist.xml; path = Info.plist; sourceTree = "<group>"; };
		0AF348B71CCA19C9008625DA /* TestAutoCellUITests.xctest */ = {isa = PBXFileReference; explicitFileType = wrapper.cfbundle; includeInIndex = 0; path = TestAutoCellUITests.xctest; sourceTree = BUILT_PRODUCTS_DIR; };
		0AF348BB1CCA19C9008625DA /* TestAutoCellUITests.m */ = {isa = PBXFileReference; lastKnownFileType = sourcecode.c.objc; path = TestAutoCellUITests.m; sourceTree = "<group>"; };
		0AF348BD1CCA19C9008625DA /* Info.plist */ = {isa = PBXFileReference; lastKnownFileType = text.plist.xml; path = Info.plist; sourceTree = "<group>"; };
/* End PBXFileReference section */

/* Begin PBXFrameworksBuildPhase section */
		0AF3489B1CCA19C9008625DA /* Frameworks */ = {
			isa = PBXFrameworksBuildPhase;
			buildActionMask = 2147483647;
			files = (
			);
			runOnlyForDeploymentPostprocessing = 0;
		};
		0AF348B41CCA19C9008625DA /* Frameworks */ = {
			isa = PBXFrameworksBuildPhase;
			buildActionMask = 2147483647;
			files = (
			);
			runOnlyForDeploymentPostprocessing = 0;
		};
/* End PBXFrameworksBuildPhase section */

/* Begin PBXGroup section */
		0AF348951CCA19C9008625DA = {
			isa = PBXGroup;
			children = (
				0AF348A01CCA19C9008625DA /* TestAutoCell */,
				0AF348BA1CCA19C9008625DA /* TestAutoCellUITests */,
				0AF3489F1CCA19C9008625DA /* Products */,
			);
			sourceTree = "<group>";
		};
		0AF3489F1CCA19C9008625DA /* Products */ = {
			isa = PBXGroup;
			children = (
				0AF3489E1CCA19C9008625DA /* TestAutoCell.app */,
				0AF348B71CCA19C9008625DA /* TestAutoCellUITests.xctest */,
			);
			name = Products;
			sourceTree = "<group>";
		};
		0AF348A01CCA19C9008625DA /* TestAutoCell */ = {
			isa = PBXGroup;
			children = (
				0AF348A41CCA19C9008625DA /* AppDelegate.h */,
				0AF348A51CCA19C9008625DA /* AppDelegate.m */,
				0AF348A71CCA19C9008625DA /* ViewController.h */,
				0AF348A81CCA19C9008625DA /* ViewController.m */,
				0AF348AA1CCA19C9008625DA /* Main.storyboard */,
				0AF348AD1CCA19C9008625DA /* Assets.xcassets */,
				0AF348AF1CCA19C9008625DA /* LaunchScreen.storyboard */,
				0AF348B21CCA19C9008625DA /* Info.plist */,
				0AF348A11CCA19C9008625DA /* Supporting Files */,
			);
			path = TestAutoCell;
			sourceTree = "<group>";
		};
		0AF348A11CCA19C9008625DA /* Supporting Files */ = {
			isa = PBXGroup;
			children = (
				0AF348A21CCA19C9008625DA /* main.m */,
			);
			name = "Supporting Files";
			sourceTree = "<group>";
		};
		0AF348BA1CCA19C9008625DA /* TestAutoCellUITests */ = {
			isa = PBXGroup;
			children = (
				0AF348BB1CCA19C9008625DA /* TestAutoCellUITests.m */,
				0AF348BD1CCA19C9008625DA /* Info.plist */,
			);
			path = TestAutoCellUITests;
			sourceTree = "<group>";
		};
/* End PBXGroup section */

/* Begin PBXNativeTarget section */
		0AF3489D1CCA19C9008625DA /* TestAutoCell */ = {
			isa = PBXNativeTarget;
			buildConfigurationList = 0AF348C01CCA19C9008625DA /* Build configuration list for PBXNativeTarget "TestAutoCell" */;
			buildPhases = (
				0AF3489A1CCA19C9008625DA /* Sources */,
				0AF3489B1CCA19C9008625DA /* Frameworks */,
				0AF3489C1CCA19C9008625DA /* Resources */,
			);
			buildRules = (
			);
			dependencies = (
			);
			name = TestAutoCell;
			productName = TestAutoCell;
			productReference = 0AF3489E1CCA19C9008625DA /* TestAutoCell.app */;
			productType = "com.apple.product-type.application";
		};
		0AF348B61CCA19C9008625DA /* TestAutoCellUITests */ = {
			isa = PBXNativeTarget;
			buildConfigurationList = 0AF348C31CCA19C9008625DA /* Build configuration list for PBXNativeTarget "TestAutoCellUITests" */;
			buildPhases = (
				0AF348B31CCA19C9008625DA /* Sources */,
				0AF348B41CCA19C9008625DA /* Frameworks */,
				0AF348B51CCA19C9008625DA /* Resources */,
			);
			buildRules = (
			);
			dependencies = (
				0AF348B91CCA19C9008625DA /* PBXTargetDependency */,
			);
			name = TestAutoCellUITests;
			productName = TestAutoCellUITests;
			productReference = 0AF348B71CCA19C9008625DA /* TestAutoCellUITests.xctest */;
			productType = "com.apple.product-type.bundle.ui-testing";
		};
/* End PBXNativeTarget section */

/* Begin PBXProject section */
		0AF348961CCA19C9008625DA /* Project object */ = {
			isa = PBXProject;
			attributes = {
				LastUpgradeCheck = 0720;
				ORGANIZATIONNAME = Jiang;
				TargetAttributes = {
					0AF3489D1CCA19C9008625DA = {
						CreatedOnToolsVersion = 7.2;
					};
					0AF348B61CCA19C9008625DA = {
						CreatedOnToolsVersion = 7.2;
						TestTargetID = 0AF3489D1CCA19C9008625DA;
					};
				};
			};
			buildConfigurationList = 0AF348991CCA19C9008625DA /* Build configuration list for PBXProject "TestAutoCell" */;
			compatibilityVersion = "Xcode 3.2";
			developmentRegion = English;
			hasScannedForEncodings = 0;
			knownRegions = (
				en,
				Base,
			);
			mainGroup = 0AF348951CCA19C9008625DA;
			productRefGroup = 0AF3489F1CCA19C9008625DA /* Products */;
			projectDirPath = "";
			projectRoot = "";
			targets = (
				0AF3489D1CCA19C9008625DA /* TestAutoCell */,
				0AF348B61CCA19C9008625DA /* TestAutoCellUITests */,
			);
		};
/* End PBXProject section */

/* Begin PBXResourcesBuildPhase section */
		0AF3489C1CCA19C9008625DA /* Resources */ = {
			isa = PBXResourcesBuildPhase;
			buildActionMask = 2147483647;
			files = (
				0AF348B11CCA19C9008625DA /* LaunchScreen.storyboard in Resources */,
				0AF348AE1CCA19C9008625DA /* Assets.xcassets in Resources */,
				0AF348AC1CCA19C9008625DA /* Main.storyboard in Resources */,
			);
			runOnlyForDeploymentPostprocessing = 0;
		};
		0AF348B51CCA19C9008625DA /* Resources */ = {
			isa = PBXResourcesBuildPhase;
			buildActionMask = 2147483647;
			files = (
			);
			runOnlyForDeploymentPostprocessing = 0;
		};
/* End PBXResourcesBuildPhase section */

/* Begin PBXSourcesBuildPhase section */
		0AF3489A1CCA19C9008625DA /* Sources */ = {
			isa = PBXSourcesBuildPhase;
			buildActionMask = 2147483647;
			files = (
				0AF348A91CCA19C9008625DA /* ViewController.m in Sources */,
				0AF348A61CCA19C9008625DA /* AppDelegate.m in Sources */,
				0AF348A31CCA19C9008625DA /* main.m in Sources */,
			);
			runOnlyForDeploymentPostprocessing = 0;
		};
		0AF348B31CCA19C9008625DA /* Sources */ = {
			isa = PBXSourcesBuildPhase;
			buildActionMask = 2147483647;
			files = (
				0AF348BC1CCA19C9008625DA /* TestAutoCellUITests.m in Sources */,
			);
			runOnlyForDeploymentPostprocessing = 0;
		};
/* End PBXSourcesBuildPhase section */

/* Begin PBXTargetDependency section */
		0AF348B91CCA19C9008625DA /* PBXTargetDependency */ = {
			isa = PBXTargetDependency;
			target = 0AF3489D1CCA19C9008625DA /* TestAutoCell */;
			targetProxy = 0AF348B81CCA19C9008625DA /* PBXContainerItemProxy */;
		};
/* End PBXTargetDependency section */

/* Begin PBXVariantGroup section */
		0AF348AA1CCA19C9008625DA /* Main.storyboard */ = {
			isa = PBXVariantGroup;
			children = (
				0AF348AB1CCA19C9008625DA /* Base */,
			);
			name = Main.storyboard;
			sourceTree = "<group>";
		};
		0AF348AF1CCA19C9008625DA /* LaunchScreen.storyboard */ = {
			isa = PBXVariantGroup;
			children = (
				0AF348B01CCA19C9008625DA /* Base */,
			);
			name = LaunchScreen.storyboard;
			sourceTree = "<group>";
		};
/* End PBXVariantGroup section */

/* Begin XCBuildConfiguration section */
		0AF348BE1CCA19C9008625DA /* Debug */ = {
			isa = XCBuildConfiguration;
			buildSettings = {
				ALWAYS_SEARCH_USER_PATHS = NO;
				CLANG_CXX_LANGUAGE_STANDARD = "gnu++0x";
				CLANG_CXX_LIBRARY = "libc++";
				CLANG_ENABLE_MODULES = YES;
				CLANG_ENABLE_OBJC_ARC = YES;
				CLANG_WARN_BOOL_CONVERSION = YES;
				CLANG_WARN_CONSTANT_CONVERSION = YES;
				CLANG_WARN_DIRECT_OBJC_ISA_USAGE = YES_ERROR;
				CLANG_WARN_EMPTY_BODY = YES;
				CLANG_WARN_ENUM_CONVERSION = YES;
				CLANG_WARN_INT_CONVERSION = YES;
				CLANG_WARN_OBJC_ROOT_CLASS = YES_ERROR;
				CLANG_WARN_UNREACHABLE_CODE = YES;
				CLANG_WARN__DUPLICATE_METHOD_MATCH = YES;
				"CODE_SIGN_IDENTITY[sdk=iphoneos*]" = "iPhone Developer";
				COPY_PHASE_STRIP = NO;
				DEBUG_INFORMATION_FORMAT = dwarf;
				ENABLE_STRICT_OBJC_MSGSEND = YES;
				ENABLE_TESTABILITY = YES;
				GCC_C_LANGUAGE_STANDARD = gnu99;
				GCC_DYNAMIC_NO_PIC = NO;
				GCC_NO_COMMON_BLOCKS = YES;
				GCC_OPTIMIZATION_LEVEL = 0;
				GCC_PREPROCESSOR_DEFINITIONS = (
					"DEBUG=1",
					"$(inherited)",
				);
				GCC_WARN_64_TO_32_BIT_CONVERSION = YES;
				GCC_WARN_ABOUT_RETURN_TYPE = YES_ERROR;
				GCC_WARN_UNDECLARED_SELECTOR = YES;
				GCC_WARN_UNINITIALIZED_AUTOS = YES_AGGRESSIVE;
				GCC_WARN_UNUSED_FUNCTION = YES;
				GCC_WARN_UNUSED_VARIABLE = YES;
				IPHONEOS_DEPLOYMENT_TARGET = 9.2;
				MTL_ENABLE_DEBUG_INFO = YES;
				ONLY_ACTIVE_ARCH = YES;
				SDKROOT = iphoneos;
				TARGETED_DEVICE_FAMILY = "1,2";
			};
			name = Debug;
		};
		0AF348BF1CCA19C9008625DA /* Release */ = {
			isa = XCBuildConfiguration;
			buildSettings = {
				ALWAYS_SEARCH_USER_PATHS = NO;
				CLANG_CXX_LANGUAGE_STANDARD = "gnu++0x";
				CLANG_CXX_LIBRARY = "libc++";
				CLANG_ENABLE_MODULES = YES;
				CLANG_ENABLE_OBJC_ARC = YES;
				CLANG_WARN_BOOL_CONVERSION = YES;
				CLANG_WARN_CONSTANT_CONVERSION = YES;
				CLANG_WARN_DIRECT_OBJC_ISA_USAGE = YES_ERROR;
				CLANG_WARN_EMPTY_BODY = YES;
				CLANG_WARN_ENUM_CONVERSION = YES;
				CLANG_WARN_INT_CONVERSION = YES;
				CLANG_WARN_OBJC_ROOT_CLASS = YES_ERROR;
				CLANG_WARN_UNREACHABLE_CODE = YES;
				CLANG_WARN__DUPLICATE_METHOD_MATCH = YES;
				"CODE_SIGN_IDENTITY[sdk=iphoneos*]" = "iPhone Developer";
				COPY_PHASE_STRIP = NO;
				DEBUG_INFORMATION_FORMAT = "dwarf-with-dsym";
				ENABLE_NS_ASSERTIONS = NO;
				ENABLE_STRICT_OBJC_MSGSEND = YES;
				GCC_C_LANGUAGE_STANDARD = gnu99;
				GCC_NO_COMMON_BLOCKS = YES;
				GCC_WARN_64_TO_32_BIT_CONVERSION = YES;
				GCC_WARN_ABOUT_RETURN_TYPE = YES_ERROR;
				GCC_WARN_UNDECLARED_SELECTOR = YES;
				GCC_WARN_UNINITIALIZED_AUTOS = YES_AGGRESSIVE;
				GCC_WARN_UNUSED_FUNCTION = YES;
				GCC_WARN_UNUSED_VARIABLE = YES;
				IPHONEOS_DEPLOYMENT_TARGET = 9.2;
				MTL_ENABLE_DEBUG_INFO = NO;
				SDKROOT = iphoneos;
				TARGETED_DEVICE_FAMILY = "1,2";
				VALIDATE_PRODUCT = YES;
			};
			name = Release;
		};
		0AF348C11CCA19C9008625DA /* Debug */ = {
			isa = XCBuildConfiguration;
			buildSettings = {
				ASSETCATALOG_COMPILER_APPICON_NAME = AppIcon;
				INFOPLIST_FILE = TestAutoCell/Info.plist;
				LD_RUNPATH_SEARCH_PATHS = "$(inherited) @executable_path/Frameworks";
				PRODUCT_BUNDLE_IDENTIFIER = Jiang.TestAutoCell;
				PRODUCT_NAME = "$(TARGET_NAME)";
			};
			name = Debug;
		};
		0AF348C21CCA19C9008625DA /* Release */ = {
			isa = XCBuildConfiguration;
			buildSettings = {
				ASSETCATALOG_COMPILER_APPICON_NAME = AppIcon;
				INFOPLIST_FILE = TestAutoCell/Info.plist;
				LD_RUNPATH_SEARCH_PATHS = "$(inherited) @executable_path/Frameworks";
				PRODUCT_BUNDLE_IDENTIFIER = Jiang.TestAutoCell;
				PRODUCT_NAME = "$(TARGET_NAME)";
			};
			name = Release;
		};
		0AF348C41CCA19C9008625DA /* Debug */ = {
			isa = XCBuildConfiguration;
			buildSettings = {
				INFOPLIST_FILE = TestAutoCellUITests/Info.plist;
				LD_RUNPATH_SEARCH_PATHS = "$(inherited) @executable_path/Frameworks @loader_path/Frameworks";
				PRODUCT_BUNDLE_IDENTIFIER = Jiang.TestAutoCellUITests;
				PRODUCT_NAME = "$(TARGET_NAME)";
				TEST_TARGET_NAME = TestAutoCell;
				USES_XCTRUNNER = YES;
			};
			name = Debug;
		};
		0AF348C51CCA19C9008625DA /* Release */ = {
			isa = XCBuildConfiguration;
			buildSettings = {
				INFOPLIST_FILE = TestAutoCellUITests/Info.plist;
				LD_RUNPATH_SEARCH_PATHS = "$(inherited) @executable_path/Frameworks @loader_path/Frameworks";
				PRODUCT_BUNDLE_IDENTIFIER = Jiang.TestAutoCellUITests;
				PRODUCT_NAME = "$(TARGET_NAME)";
				TEST_TARGET_NAME = TestAutoCell;
				USES_XCTRUNNER = YES;
			};
			name = Release;
		};
/* End XCBuildConfiguration section */

/* Begin XCConfigurationList section */
		0AF348991CCA19C9008625DA /* Build configuration list for PBXProject "TestAutoCell" */ = {
			isa = XCConfigurationList;
			buildConfigurations = (
				0AF348BE1CCA19C9008625DA /* Debug */,
				0AF348BF1CCA19C9008625DA /* Release */,
			);
			defaultConfigurationIsVisible = 0;
			defaultConfigurationName = Release;
		};
		0AF348C01CCA19C9008625DA /* Build configuration list for PBXNativeTarget "TestAutoCell" */ = {
			isa = XCConfigurationList;
			buildConfigurations = (
				0AF348C11CCA19C9008625DA /* Debug */,
				0AF348C21CCA19C9008625DA /* Release */,
			);
			defaultConfigurationIsVisible = 0;
		};
		0AF348C31CCA19C9008625DA /* Build configuration list for PBXNativeTarget "TestAutoCellUITests" */ = {
			isa = XCConfigurationList;
			buildConfigurations = (
				0AF348C41CCA19C9008625DA /* Debug */,
				0AF348C51CCA19C9008625DA /* Release */,
			);
			defaultConfigurationIsVisible = 0;
		};
/* End XCConfigurationList section */
	};
	rootObject = 0AF348961CCA19C9008625DA /* Project object */;
}
